# THIS IS AN AUTOGENERATED FILE. DO NOT EDIT THIS FILE DIRECTLY.
# yarn lockfile v1


react-device-detect@^2.1.2:
  version "2.1.2"
  resolved "https://registry.yarnpkg.com/react-device-detect/-/react-device-detect-2.1.2.tgz#60abb6fa361ec4cc839469a0c4c3e9b8ea17d6b5"
  integrity sha512-N42xttwez3ECgu4KpOL2ICesdfoz8NCBfmc1rH9FRYSjH7NmMyANPSrQ3EvAtJyj/6TzJNhrANSO38iXjCB2Ug==
  dependencies:
    ua-parser-js "^0.7.30"

ua-parser-js@^0.7.30:
  version "0.7.31"
  resolved "https://registry.yarnpkg.com/ua-parser-js/-/ua-parser-js-0.7.31.tgz#649a656b191dffab4f21d5e053e27ca17cbff5c6"
  integrity sha512-qLK/Xe9E2uzmYI3qLeOmI0tEOt+TBBQyUIAh4aAgU05FVYzeZrKUdkAZfBNVGRaHVgV0TDkdEngJSw/SyQchkQ==
